
Microsoft Visual Studio Solution File, Format Version 12.00
# Visual Studio 2015
Project("{FAE04EC0-301F-11D3-BF4B-00C04F79EFBC}") = "TorresHanoi - Copy.CSharp", "TorresHanoi - Copy.CSharp.csproj", "{2AF5F0A9-3874-9526-25E0-2C84800228BC}"
EndProject
Global
	GlobalSection(SolutionConfigurationPlatforms) = preSolution
		Debug|Any CPU = Debug|Any CPU
		Release|Any CPU = Release|Any CPU
	EndGlobalSection
	GlobalSection(ProjectConfigurationPlatforms) = postSolution
		{2AF5F0A9-3874-9526-25E0-2C84800228BC}.Debug|Any CPU.ActiveCfg = Debug|Any CPU
		{2AF5F0A9-3874-9526-25E0-2C84800228BC}.Debug|Any CPU.Build.0 = Debug|Any CPU
		{2AF5F0A9-3874-9526-25E0-2C84800228BC}.Release|Any CPU.ActiveCfg = Release|Any CPU
		{2AF5F0A9-3874-9526-25E0-2C84800228BC}.Release|Any CPU.Build.0 = Release|Any CPU
	EndGlobalSection
	GlobalSection(SolutionProperties) = preSolution
		HideSolutionNode = FALSE
	EndGlobalSection
EndGlobal
