
Microsoft Visual Studio Solution File, Format Version 12.00
# Visual Studio 2015
Project("{FAE04EC0-301F-11D3-BF4B-00C04F79EFBC}") = "TorresHanoiVR.CSharp", "TorresHanoiVR.CSharp.csproj", "{CEC6060A-C38D-12DA-C643-C08B6C8A9556}"
EndProject
Project("{FAE04EC0-301F-11D3-BF4B-00C04F79EFBC}") = "TorresHanoiVR.CSharp.Editor", "TorresHanoiVR.CSharp.Editor.csproj", "{3042E3DA-CE5C-AE84-510F-06E7785F5299}"
EndProject
Global
	GlobalSection(SolutionConfigurationPlatforms) = preSolution
		Debug|Any CPU = Debug|Any CPU
		Release|Any CPU = Release|Any CPU
	EndGlobalSection
	GlobalSection(ProjectConfigurationPlatforms) = postSolution
		{CEC6060A-C38D-12DA-C643-C08B6C8A9556}.Debug|Any CPU.ActiveCfg = Debug|Any CPU
		{CEC6060A-C38D-12DA-C643-C08B6C8A9556}.Debug|Any CPU.Build.0 = Debug|Any CPU
		{CEC6060A-C38D-12DA-C643-C08B6C8A9556}.Release|Any CPU.ActiveCfg = Release|Any CPU
		{CEC6060A-C38D-12DA-C643-C08B6C8A9556}.Release|Any CPU.Build.0 = Release|Any CPU
		{3042E3DA-CE5C-AE84-510F-06E7785F5299}.Debug|Any CPU.ActiveCfg = Debug|Any CPU
		{3042E3DA-CE5C-AE84-510F-06E7785F5299}.Debug|Any CPU.Build.0 = Debug|Any CPU
		{3042E3DA-CE5C-AE84-510F-06E7785F5299}.Release|Any CPU.ActiveCfg = Release|Any CPU
		{3042E3DA-CE5C-AE84-510F-06E7785F5299}.Release|Any CPU.Build.0 = Release|Any CPU
	EndGlobalSection
	GlobalSection(SolutionProperties) = preSolution
		HideSolutionNode = FALSE
	EndGlobalSection
EndGlobal
