
Microsoft Visual Studio Solution File, Format Version 12.00
# Visual Studio 2015
Project("{FAE04EC0-301F-11D3-BF4B-00C04F79EFBC}") = "DetectMoves.CSharp", "DetectMoves.CSharp.csproj", "{DED93EA8-0830-802C-1678-55D929E5F107}"
EndProject
Project("{FAE04EC0-301F-11D3-BF4B-00C04F79EFBC}") = "DetectMoves.CSharp.Editor", "DetectMoves.CSharp.Editor.csproj", "{B57840A1-644E-4557-5995-CBC8716EB531}"
EndProject
Global
	GlobalSection(SolutionConfigurationPlatforms) = preSolution
		Debug|Any CPU = Debug|Any CPU
		Release|Any CPU = Release|Any CPU
	EndGlobalSection
	GlobalSection(ProjectConfigurationPlatforms) = postSolution
		{DED93EA8-0830-802C-1678-55D929E5F107}.Debug|Any CPU.ActiveCfg = Debug|Any CPU
		{DED93EA8-0830-802C-1678-55D929E5F107}.Debug|Any CPU.Build.0 = Debug|Any CPU
		{DED93EA8-0830-802C-1678-55D929E5F107}.Release|Any CPU.ActiveCfg = Release|Any CPU
		{DED93EA8-0830-802C-1678-55D929E5F107}.Release|Any CPU.Build.0 = Release|Any CPU
		{B57840A1-644E-4557-5995-CBC8716EB531}.Debug|Any CPU.ActiveCfg = Debug|Any CPU
		{B57840A1-644E-4557-5995-CBC8716EB531}.Debug|Any CPU.Build.0 = Debug|Any CPU
		{B57840A1-644E-4557-5995-CBC8716EB531}.Release|Any CPU.ActiveCfg = Release|Any CPU
		{B57840A1-644E-4557-5995-CBC8716EB531}.Release|Any CPU.Build.0 = Release|Any CPU
	EndGlobalSection
	GlobalSection(SolutionProperties) = preSolution
		HideSolutionNode = FALSE
	EndGlobalSection
EndGlobal
